{
    "_readme": [
        "This file locks the dependencies of your project to a known state",
        "Read more about it at https://getcomposer.org/doc/01-basic-usage.md#composer-lock-the-lock-file",
        "This file is @generated automatically"
    ],
    "content-hash": "f6e86f0d67ec40429b3c857354b990e5",
    "packages": [
        {
            "name": "ezyang/htmlpurifier",
            "version": "v4.9.3",
            "source": {
                "type": "git",
                "url": "https://github.com/ezyang/htmlpurifier.git",
                "reference": "95e1bae3182efc0f3422896a3236e991049dac69"
            },
            "dist": {
                "type": "zip",
                "url": "https://api.github.com/repos/ezyang/htmlpurifier/zipball/95e1bae3182efc0f3422896a3236e991049dac69",
                "reference": "95e1bae3182efc0f3422896a3236e991049dac69",
                "shasum": ""
            },
            "require": {
                "php": ">=5.2"
            },
            "require-dev": {
                "simpletest/simpletest": "^1.1"
            },
            "type": "library",
            "autoload": {
                "psr-0": {
                    "HTMLPurifier": "library/"
                },
                "files": [
                    "library/HTMLPurifier.composer.php"
                ]
            },
            "notification-url": "https://packagist.org/downloads/",
            "license": [
                "LGPL"
            ],
            "authors": [
                {
                    "name": "Edward Z. Yang",
                    "email": "admin@htmlpurifier.org",
                    "homepage": "http://ezyang.com"
                }
            ],
            "description": "Standards compliant HTML filter written in PHP",
            "homepage": "http://htmlpurifier.org/",
            "keywords": [
                "html"
            ],
            "time": "2017-06-03T02:28:16+00:00"
        },
        {
            "name": "michelf/php-markdown",
            "version": "1.6.0",
            "source": {
                "type": "git",
                "url": "https://github.com/michelf/php-markdown.git",
                "reference": "156e56ee036505ec637d761ee62dc425d807183c"
            },
            "dist": {
                "type": "zip",
                "url": "https://api.github.com/repos/michelf/php-markdown/zipball/156e56ee036505ec637d761ee62dc425d807183c",
                "reference": "156e56ee036505ec637d761ee62dc425d807183c",
                "shasum": ""
            },
            "require": {
                "php": ">=5.3.0"
            },
            "type": "library",
            "extra": {
                "branch-alias": {
                    "dev-lib": "1.4.x-dev"
                }
            },
            "autoload": {
                "psr-0": {
                    "Michelf": ""
                }
            },
            "notification-url": "https://packagist.org/downloads/",
            "license": [
                "BSD-3-Clause"
            ],
            "authors": [
                {
                    "name": "Michel Fortin",
                    "email": "michel.fortin@michelf.ca",
                    "homepage": "https://michelf.ca/",
                    "role": "Developer"
                },
                {
                    "name": "John Gruber",
                    "homepage": "https://daringfireball.net/"
                }
            ],
            "description": "PHP Markdown",
            "homepage": "https://michelf.ca/projects/php-markdown/",
            "keywords": [
                "markdown"
            ],
            "time": "2015-12-24T01:37:31+00:00"
        },
        {
            "name": "michelf/php-smartypants",
            "version": "1.6.0",
            "source": {
                "type": "git",
                "url": "https://github.com/michelf/php-smartypants.git",
                "reference": "674badae316a957173c67dd3184e21cb6807d7fb"
            },
            "dist": {
                "type": "zip",
                "url": "https://api.github.com/repos/michelf/php-smartypants/zipball/674badae316a957173c67dd3184e21cb6807d7fb",
                "reference": "674badae316a957173c67dd3184e21cb6807d7fb",
                "shasum": ""
            },
            "require": {
                "php": ">=5.3.0"
            },
            "type": "library",
            "extra": {
                "branch-alias": {
                    "dev-lib": "1.6.x-dev"
                }
            },
            "autoload": {
                "psr-0": {
                    "Michelf": ""
                }
            },
            "notification-url": "https://packagist.org/downloads/",
            "license": [
                "BSD-3-Clause"
            ],
            "authors": [
                {
                    "name": "Michel Fortin",
                    "email": "michel.fortin@michelf.ca",
                    "homepage": "https://michelf.ca/",
                    "role": "Developer"
                },
                {
                    "name": "John Gruber",
                    "homepage": "https://daringfireball.net/"
                }
            ],
            "description": "PHP SmartyPants",
            "homepage": "https://michelf.ca/projects/php-smartypants/",
            "keywords": [
                "dashes",
                "quotes",
                "spaces",
                "typographer",
                "typography"
            ],
            "time": "2016-10-10T18:14:08+00:00"
        },
        {
            "name": "mos/anax",
            "version": "v2.5.28",
            "source": {
                "type": "git",
                "url": "https://github.com/mosbth/anax.git",
                "reference": "1732a97185efac8b5d2e185229a1a7270f6f153e"
            },
            "dist": {
                "type": "zip",
                "url": "https://api.github.com/repos/mosbth/anax/zipball/1732a97185efac8b5d2e185229a1a7270f6f153e",
                "reference": "1732a97185efac8b5d2e185229a1a7270f6f153e",
                "shasum": ""
            },
            "require": {
                "php": ">=5.6"
            },
            "type": "library",
            "extra": {
                "branch-alias": {
                    "dev-master": "2.5.x-dev"
                }
            },
            "autoload": {
                "psr-4": {
                    "Anax\\": "src/"
                },
                "files": [
                    "src/functions.php"
                ]
            },
            "notification-url": "https://packagist.org/downloads/",
            "license": [
                "MIT"
            ],
            "authors": [
                {
                    "name": "Mikael Roos",
                    "email": "mos@dbwebb.se",
                    "homepage": "http://dbwebb.se",
                    "role": "Developer"
                }
            ],
            "description": "PHP framework to create websites, web applications and web services.",
            "homepage": "http://dbwebb.se",
            "keywords": [
                "boilerplate",
                "education",
                "framework",
                "micro",
                "mvc"
            ],
            "time": "2017-10-18T15:21:34+00:00"
        },
        {
            "name": "mos/anax-flat",
            "version": "v1.1.10",
            "source": {
                "type": "git",
                "url": "https://github.com/canax/anax-flat.git",
                "reference": "e27c2515aa816d93354b64898b337f69114ae3b0"
            },
            "dist": {
                "type": "zip",
                "url": "https://api.github.com/repos/canax/anax-flat/zipball/e27c2515aa816d93354b64898b337f69114ae3b0",
                "reference": "e27c2515aa816d93354b64898b337f69114ae3b0",
                "shasum": ""
            },
            "require": {
                "mos/anax": "^2.5",
                "mos/cimage": "^0.7",
                "mos/ctextfilter": "^1.2",
                "php": ">=5.6",
                "symfony/yaml": "^3.1"
            },
            "suggest": {
                "ext-yaml": "*",
                "mustangostang/spyc": "^0.6"
            },
            "type": "library",
            "notification-url": "https://packagist.org/downloads/",
            "license": [
                "MIT"
            ],
            "authors": [
                {
                    "name": "Mikael Roos",
                    "email": "mos@dbwebb.se",
                    "homepage": "http://dbwebb.se",
                    "role": "Developer"
                }
            ],
            "description": "PHP flat CMS based on Anax.",
            "homepage": "http://dbwebb.se",
            "keywords": [
                "boilerplate",
                "cms",
                "education",
                "flat",
                "framework",
                "micro",
                "mvc"
            ],
            "time": "2017-11-07T09:16:15+00:00"
        },
        {
            "name": "mos/cimage",
            "version": "v0.7.20",
            "source": {
                "type": "git",
                "url": "https://github.com/mosbth/cimage.git",
                "reference": "cd142c58806c8edb6164a12a20e120eb7f436dfb"
            },
            "dist": {
                "type": "zip",
                "url": "https://api.github.com/repos/mosbth/cimage/zipball/cd142c58806c8edb6164a12a20e120eb7f436dfb",
                "reference": "cd142c58806c8edb6164a12a20e120eb7f436dfb",
                "shasum": ""
            },
            "require": {
                "ext-gd": "*",
                "php": ">=5.3"
            },
            "suggest": {
                "ext-curl": "*",
                "ext-exif": "*",
                "ext-imagick": "*"
            },
            "type": "library",
            "autoload": {
                "files": [
                    "defines.php",
                    "functions.php"
                ],
                "classmap": [
                    "CImage.php",
                    "CHttpGet.php",
                    "CRemoteImage.php",
                    "CWhitelist.php",
                    "CAsciiArt.php",
                    "CCache.php",
                    "CFastTrackCache.php"
                ]
            },
            "notification-url": "https://packagist.org/downloads/",
            "license": [
                "MIT"
            ],
            "authors": [
                {
                    "name": "Mikael Roos",
                    "email": "me@mikaelroos.se",
                    "homepage": "http://mikaelroos.se",
                    "role": "Developer"
                }
            ],
            "description": "Process, scale, resize, crop and filter images.",
            "homepage": "http://dbwebb.se/opensource/cimage",
            "keywords": [
                "gd",
                "image",
                "imageprocessing"
            ],
            "time": "2017-11-06T09:24:47+00:00"
        },
        {
            "name": "mos/ctextfilter",
            "version": "v1.2.21",
            "source": {
                "type": "git",
                "url": "https://github.com/mosbth/ctextfilter.git",
                "reference": "2a5a24ef9956b85cfcac80dbde8707f1eeb1a4bd"
            },
            "dist": {
                "type": "zip",
                "url": "https://api.github.com/repos/mosbth/ctextfilter/zipball/2a5a24ef9956b85cfcac80dbde8707f1eeb1a4bd",
                "reference": "2a5a24ef9956b85cfcac80dbde8707f1eeb1a4bd",
                "shasum": ""
            },
            "require": {
                "ezyang/htmlpurifier": "4.*",
                "michelf/php-markdown": "1.6.*",
                "michelf/php-smartypants": "1.6.*",
                "php": ">=5.4",
                "scrivo/highlight.php": "^9.0"
            },
            "suggest": {
                "ext-json": "*",
                "ext-yaml": "*",
                "mustangostang/spyc": "^0.6",
                "symfony/yaml": "^3.1"
            },
            "type": "library",
            "extra": {
                "branch-alias": {
                    "dev-master": "1.2.x-dev"
                }
            },
            "autoload": {
                "psr-4": {
                    "Mos\\TextFilter\\": "src/TextFilter"
                }
            },
            "notification-url": "https://packagist.org/downloads/",
            "license": [
                "MIT"
            ],
            "authors": [
                {
                    "name": "Mikael Roos",
                    "email": "mos@dbwebb.se",
                    "homepage": "http://mikaelroos.se",
                    "role": "Developer"
                }
            ],
            "description": "PHP classes for text filtering and formatting to HTML",
            "homepage": "http://dbwebb.se",
            "keywords": [
                "Html Purifier",
                "YAML front matter",
                "bbcode",
                "education",
                "json front matter",
                "markdown",
                "shortcode"
            ],
            "time": "2017-10-02T10:22:33+00:00"
        },
        {
            "name": "scrivo/highlight.php",
            "version": "v9.0.0",
            "source": {
                "type": "git",
                "url": "https://github.com/scrivo/highlight.php.git",
                "reference": "a905bf346a47f5fa40f33641b346c37f418d1242"
            },
            "dist": {
                "type": "zip",
                "url": "https://api.github.com/repos/scrivo/highlight.php/zipball/a905bf346a47f5fa40f33641b346c37f418d1242",
                "reference": "a905bf346a47f5fa40f33641b346c37f418d1242",
                "shasum": ""
            },
            "type": "library",
            "autoload": {
                "psr-0": {
                    "Highlight\\": ""
                }
            },
            "notification-url": "https://packagist.org/downloads/",
            "license": [
                "BSD-3-Clause"
            ],
            "description": "Server side syntax highlighter that supports over 90 languages. It's a PHP port of highlight.js",
            "keywords": [
                "code",
                "highlight",
                "highlight.js",
                "highlight.php",
                "syntax"
            ],
            "time": "2016-01-01T14:08:00+00:00"
        },
        {
            "name": "symfony/yaml",
            "version": "v3.3.10",
            "source": {
                "type": "git",
                "url": "https://github.com/symfony/yaml.git",
                "reference": "8c7bf1e7d5d6b05a690b715729cb4cd0c0a99c46"
            },
            "dist": {
                "type": "zip",
                "url": "https://api.github.com/repos/symfony/yaml/zipball/8c7bf1e7d5d6b05a690b715729cb4cd0c0a99c46",
                "reference": "8c7bf1e7d5d6b05a690b715729cb4cd0c0a99c46",
                "shasum": ""
            },
            "require": {
                "php": "^5.5.9|>=7.0.8"
            },
            "require-dev": {
                "symfony/console": "~2.8|~3.0"
            },
            "suggest": {
                "symfony/console": "For validating YAML files using the lint command"
            },
            "type": "library",
            "extra": {
                "branch-alias": {
                    "dev-master": "3.3-dev"
                }
            },
            "autoload": {
                "psr-4": {
                    "Symfony\\Component\\Yaml\\": ""
                },
                "exclude-from-classmap": [
                    "/Tests/"
                ]
            },
            "notification-url": "https://packagist.org/downloads/",
            "license": [
                "MIT"
            ],
            "authors": [
                {
                    "name": "Fabien Potencier",
                    "email": "fabien@symfony.com"
                },
                {
                    "name": "Symfony Community",
                    "homepage": "https://symfony.com/contributors"
                }
            ],
            "description": "Symfony Yaml Component",
            "homepage": "https://symfony.com",
            "time": "2017-10-05T14:43:42+00:00"
        }
    ],
    "packages-dev": [],
    "aliases": [],
    "minimum-stability": "stable",
    "stability-flags": [],
    "prefer-stable": false,
    "prefer-lowest": false,
    "platform": [],
    "platform-dev": []
}
